<?xml version="1.0" encoding="UTF-8" standalone="yes" ?>
<CodeBlocks_project_file>
	<FileVersion major="1" minor="6" />
	<Project>
		<Option title="cs-ipc" />
		<Option pch_mode="2" />
		<Option compiler="gcc" />
		<Build>
			<Target title="Debug">
				<Option output="csipc\cs-ipc-d" prefix_auto="1" extension_auto="1" />
				<Option working_dir="" />
				<Option object_output="obj\" />
				<Option type="2" />
				<Option compiler="gcc" />
				<Option createDefFile="1" />
				<Compiler>
					<Add option="-Wall" />
					<Add option="-g" />
					<Add option="-DDEBUG" />
				</Compiler>
			</Target>
			<Target title="Release">
				<Option output="csipc\cs-ipc" prefix_auto="1" extension_auto="1" />
				<Option working_dir="" />
				<Option object_output="obj\" />
				<Option type="2" />
				<Option compiler="gcc" />
				<Option createDefFile="1" />
				<Compiler>
					<Add option="-Wall" />
					<Add option="-O2" />
				</Compiler>
				<Linker>
					<Add option="-s" />
				</Linker>
			</Target>
		</Build>
		<Compiler>
			<Add option="-DUNICODE" />
			<Add option="-D_UNICODE" />
			<Add directory="G:\backup\dev\boost_1_50_0" />
			<Add directory="d:\dev\boost_1_50_0" />
			<Add directory=".\csipc\" />
		</Compiler>
		<Unit filename="Client.cpp" />
		<Unit filename="EventMessage.cpp" />
		<Unit filename="Server.cpp" />
		<Unit filename="csipc\Client.h" />
		<Unit filename="csipc\EventMessage.h" />
		<Unit filename="csipc\Server.h" />
		<Unit filename="csipc\defines.h" />
		<Unit filename="internals.cpp" />
		<Unit filename="internals.h">
			<Option target="&lt;{~None~}&gt;" />
		</Unit>
		<Extensions>
			<code_completion />
			<debugger />
			<envvars />
		</Extensions>
	</Project>
</CodeBlocks_project_file>
